
Microsoft Visual Studio Solution File, Format Version 12.00
# Visual Studio Version 16
VisualStudioVersion = 16.0.30225.117
MinimumVisualStudioVersion = 10.0.40219.1
Project("{FAE04EC0-301F-11D3-BF4B-00C04F79EFBC}") = "WebApplication1", "WebApplication1\WebApplication1.csproj", "{0AEF9799-4764-4837-928D-35BF333003B6}"
EndProject
Global
	GlobalSection(SolutionConfigurationPlatforms) = preSolution
		Debug|Any CPU = Debug|Any CPU
		Release|Any CPU = Release|Any CPU
	EndGlobalSection
	GlobalSection(ProjectConfigurationPlatforms) = postSolution
		{0AEF9799-4764-4837-928D-35BF333003B6}.Debug|Any CPU.ActiveCfg = Debug|Any CPU
		{0AEF9799-4764-4837-928D-35BF333003B6}.Debug|Any CPU.Build.0 = Debug|Any CPU
		{0AEF9799-4764-4837-928D-35BF333003B6}.Release|Any CPU.ActiveCfg = Release|Any CPU
		{0AEF9799-4764-4837-928D-35BF333003B6}.Release|Any CPU.Build.0 = Release|Any CPU
	EndGlobalSection
	GlobalSection(SolutionProperties) = preSolution
		HideSolutionNode = FALSE
	EndGlobalSection
	GlobalSection(ExtensibilityGlobals) = postSolution
		SolutionGuid = {262E95E0-4C39-4FF2-8DC9-F32111ED6474}
	EndGlobalSection
EndGlobal
